
PODS:
- IGAutoCompletionToolbar/Core (0.1.1)
- IGAutoCompletionToolbar/ios5 (0.1.1):
  - IGAutoCompletionToolbar/Core
  - PSTCollectionView
- PSTCollectionView (0.0.1)

DEPENDENCIES:
- IGAutoCompletionToolbar/ios5 (from `IGAutoCompletionToolbar.podspec')

EXTERNAL SOURCES:
  IGAutoCompletionToolbar/ios5:
    :podspec: IGAutoCompletionToolbar.podspec

SPEC CHECKSUMS:
  IGAutoCompletionToolbar/Core: 748f8dfdbece58ea533dea814b953e91426898c4
  IGAutoCompletionToolbar/ios5: 748f8dfdbece58ea533dea814b953e91426898c4
  PSTCollectionView: c2ce6d64ffe55a8c3e68bb1036442817aaf83409

COCOAPODS: 0.16.1
